<?xml version="1.0" encoding="utf-8"?>
<Project ToolsVersion="4.0" xmlns="http://schemas.microsoft.com/developer/msbuild/2003">
  <ItemGroup>
    <Filter Include="Nu">
      <UniqueIdentifier>{C8745900-B400-880B-1DAF-880B095A880B}</UniqueIdentifier>
    </Filter>
    <Filter Include="Nu\Core">
      <UniqueIdentifier>{20D6628C-8CB5-E127-95CD-6CFE012C4889}</UniqueIdentifier>
    </Filter>
    <Filter Include="Nu\Core\Events">
      <UniqueIdentifier>{045EC6E5-F02B-BAEB-D9BF-2A12C52C9650}</UniqueIdentifier>
    </Filter>
    <Filter Include="Nu\ImGui">
      <UniqueIdentifier>{F25F2819-DE2C-8324-0746-71CCF371B8B2}</UniqueIdentifier>
    </Filter>
    <Filter Include="Nu\Platform">
      <UniqueIdentifier>{1C922B02-8847-A4F7-113C-9ECE7DF09AFB}</UniqueIdentifier>
    </Filter>
    <Filter Include="Nu\Platform\OpenGL">
      <UniqueIdentifier>{D043C3C8-BC27-841E-2588-7E71118B6EA0}</UniqueIdentifier>
    </Filter>
    <Filter Include="Nu\Platform\Windows">
      <UniqueIdentifier>{56984739-C2F9-2447-4B67-6BF9B7C75B06}</UniqueIdentifier>
    </Filter>
    <Filter Include="Nu\Renderer">
      <UniqueIdentifier>{6E9908DD-DA4E-81D2-6343-7BA9CFF777D6}</UniqueIdentifier>
    </Filter>
    <Filter Include="Nu\vendor">
      <UniqueIdentifier>{25DAB0A6-9144-651D-DA82-16C3462C4372}</UniqueIdentifier>
    </Filter>
  </ItemGroup>
  <ItemGroup>
    <ClInclude Include="src\Nu.h" />
    <ClInclude Include="src\Nu\Core\Application.h">
      <Filter>Nu\Core</Filter>
    </ClInclude>
    <ClInclude Include="src\Nu\Core\Base.h">
      <Filter>Nu\Core</Filter>
    </ClInclude>
    <ClInclude Include="src\Nu\Core\Events\ApplicationEvent.h">
      <Filter>Nu\Core\Events</Filter>
    </ClInclude>
    <ClInclude Include="src\Nu\Core\Events\Event.h">
      <Filter>Nu\Core\Events</Filter>
    </ClInclude>
    <ClInclude Include="src\Nu\Core\Events\KeyEvent.h">
      <Filter>Nu\Core\Events</Filter>
    </ClInclude>
    <ClInclude Include="src\Nu\Core\Events\MouseEvent.h">
      <Filter>Nu\Core\Events</Filter>
    </ClInclude>
    <ClInclude Include="src\Nu\Core\Input.h">
      <Filter>Nu\Core</Filter>
    </ClInclude>
    <ClInclude Include="src\Nu\Core\KeyCodes.h">
      <Filter>Nu\Core</Filter>
    </ClInclude>
    <ClInclude Include="src\Nu\Core\Layer.h">
      <Filter>Nu\Core</Filter>
    </ClInclude>
    <ClInclude Include="src\Nu\Core\LayerStack.h">
      <Filter>Nu\Core</Filter>
    </ClInclude>
    <ClInclude Include="src\Nu\Core\Log.h">
      <Filter>Nu\Core</Filter>
    </ClInclude>
    <ClInclude Include="src\Nu\Core\Platform.h">
      <Filter>Nu\Core</Filter>
    </ClInclude>
    <ClInclude Include="src\Nu\Core\Window.h">
      <Filter>Nu\Core</Filter>
    </ClInclude>
    <ClInclude Include="src\Nu\EntryPoint.h">
      <Filter>Nu</Filter>
    </ClInclude>
    <ClInclude Include="src\Nu\ImGui\ImGuiLayer.h">
      <Filter>Nu\ImGui</Filter>
    </ClInclude>
    <ClInclude Include="src\Nu\Platform\OpenGL\OpenGLBuffer.h">
      <Filter>Nu\Platform\OpenGL</Filter>
    </ClInclude>
    <ClInclude Include="src\Nu\Platform\OpenGL\OpenGLFramebuffer.h">
      <Filter>Nu\Platform\OpenGL</Filter>
    </ClInclude>
    <ClInclude Include="src\Nu\Platform\OpenGL\OpenGLShader.h">
      <Filter>Nu\Platform\OpenGL</Filter>
    </ClInclude>
    <ClInclude Include="src\Nu\Platform\OpenGL\OpenGLTexture.h">
      <Filter>Nu\Platform\OpenGL</Filter>
    </ClInclude>
    <ClInclude Include="src\Nu\Platform\Windows\WindowsInput.h">
      <Filter>Nu\Platform\Windows</Filter>
    </ClInclude>
    <ClInclude Include="src\Nu\Platform\Windows\WindowsWindow.h">
      <Filter>Nu\Platform\Windows</Filter>
    </ClInclude>
    <ClInclude Include="src\Nu\Renderer\Buffer.h">
      <Filter>Nu\Renderer</Filter>
    </ClInclude>
    <ClInclude Include="src\Nu\Renderer\Camera.h">
      <Filter>Nu\Renderer</Filter>
    </ClInclude>
    <ClInclude Include="src\Nu\Renderer\Framebuffer.h">
      <Filter>Nu\Renderer</Filter>
    </ClInclude>
    <ClInclude Include="src\Nu\Renderer\Mesh.h">
      <Filter>Nu\Renderer</Filter>
    </ClInclude>
    <ClInclude Include="src\Nu\Renderer\RenderCommandQueue.h">
      <Filter>Nu\Renderer</Filter>
    </ClInclude>
    <ClInclude Include="src\Nu\Renderer\Renderer.h">
      <Filter>Nu\Renderer</Filter>
    </ClInclude>
    <ClInclude Include="src\Nu\Renderer\RendererAPI.h">
      <Filter>Nu\Renderer</Filter>
    </ClInclude>
    <ClInclude Include="src\Nu\Renderer\Shader.h">
      <Filter>Nu\Renderer</Filter>
    </ClInclude>
    <ClInclude Include="src\Nu\Renderer\Texture.h">
      <Filter>Nu\Renderer</Filter>
    </ClInclude>
    <ClInclude Include="src\nupch.h" />
  </ItemGroup>
  <ItemGroup>
    <ClCompile Include="src\Nu\Core\Application.cpp">
      <Filter>Nu\Core</Filter>
    </ClCompile>
    <ClCompile Include="src\Nu\Core\Base.cpp">
      <Filter>Nu\Core</Filter>
    </ClCompile>
    <ClCompile Include="src\Nu\Core\Layer.cpp">
      <Filter>Nu\Core</Filter>
    </ClCompile>
    <ClCompile Include="src\Nu\Core\LayerStack.cpp">
      <Filter>Nu\Core</Filter>
    </ClCompile>
    <ClCompile Include="src\Nu\Core\Log.cpp">
      <Filter>Nu\Core</Filter>
    </ClCompile>
    <ClCompile Include="src\Nu\Core\Window.cpp">
      <Filter>Nu\Core</Filter>
    </ClCompile>
    <ClCompile Include="src\Nu\ImGui\ImGUiBuild.cpp">
      <Filter>Nu\ImGui</Filter>
    </ClCompile>
    <ClCompile Include="src\Nu\ImGui\ImGuiLayer.cpp">
      <Filter>Nu\ImGui</Filter>
    </ClCompile>
    <ClCompile Include="src\Nu\Platform\OpenGL\OpenGLBuffer.cpp">
      <Filter>Nu\Platform\OpenGL</Filter>
    </ClCompile>
    <ClCompile Include="src\Nu\Platform\OpenGL\OpenGLFramebuffer.cpp">
      <Filter>Nu\Platform\OpenGL</Filter>
    </ClCompile>
    <ClCompile Include="src\Nu\Platform\OpenGL\OpenGLRendererAPI.cpp">
      <Filter>Nu\Platform\OpenGL</Filter>
    </ClCompile>
    <ClCompile Include="src\Nu\Platform\OpenGL\OpenGLShader.cpp">
      <Filter>Nu\Platform\OpenGL</Filter>
    </ClCompile>
    <ClCompile Include="src\Nu\Platform\OpenGL\OpenGLTexture.cpp">
      <Filter>Nu\Platform\OpenGL</Filter>
    </ClCompile>
    <ClCompile Include="src\Nu\Platform\Windows\WindowsInput.cpp">
      <Filter>Nu\Platform\Windows</Filter>
    </ClCompile>
    <ClCompile Include="src\Nu\Platform\Windows\WindowsWindow.cpp">
      <Filter>Nu\Platform\Windows</Filter>
    </ClCompile>
    <ClCompile Include="src\Nu\Renderer\Buffer.cpp">
      <Filter>Nu\Renderer</Filter>
    </ClCompile>
    <ClCompile Include="src\Nu\Renderer\Camera.cpp">
      <Filter>Nu\Renderer</Filter>
    </ClCompile>
    <ClCompile Include="src\Nu\Renderer\Framebuffer.cpp">
      <Filter>Nu\Renderer</Filter>
    </ClCompile>
    <ClCompile Include="src\Nu\Renderer\Mesh.cpp">
      <Filter>Nu\Renderer</Filter>
    </ClCompile>
    <ClCompile Include="src\Nu\Renderer\RenderCommandQueue.cpp">
      <Filter>Nu\Renderer</Filter>
    </ClCompile>
    <ClCompile Include="src\Nu\Renderer\Renderer.cpp">
      <Filter>Nu\Renderer</Filter>
    </ClCompile>
    <ClCompile Include="src\Nu\Renderer\Shader.cpp">
      <Filter>Nu\Renderer</Filter>
    </ClCompile>
    <ClCompile Include="src\Nu\Renderer\Texture.cpp">
      <Filter>Nu\Renderer</Filter>
    </ClCompile>
    <ClCompile Include="src\Nu\vendor\stb_image.cpp">
      <Filter>Nu\vendor</Filter>
    </ClCompile>
    <ClCompile Include="src\nupch.cpp" />
  </ItemGroup>
</Project>