<?xml version="1.0" encoding="utf-8"?>
<Project ToolsVersion="4.0" xmlns="http://schemas.microsoft.com/developer/msbuild/2003">
  <ItemGroup>
    <Filter Include="src">
      <UniqueIdentifier>{2DAB880B-99B4-887C-2230-9F7C8E38947C}</UniqueIdentifier>
    </Filter>
    <Filter Include="src\Nu">
      <UniqueIdentifier>{7F4A661C-6BEC-90F2-54A7-A44640E81743}</UniqueIdentifier>
    </Filter>
    <Filter Include="src\Nu\Core">
      <UniqueIdentifier>{37D69C95-A38B-158B-2C80-0F6298340C8F}</UniqueIdentifier>
    </Filter>
    <Filter Include="vendor">
      <UniqueIdentifier>{B3738122-9F15-ACF8-88D0-BF4C74113349}</UniqueIdentifier>
    </Filter>
    <Filter Include="vendor\spdlog">
      <UniqueIdentifier>{8BBC5F22-F77C-DB58-C0B7-24D62C372035}</UniqueIdentifier>
    </Filter>
    <Filter Include="vendor\spdlog\contrib">
      <UniqueIdentifier>{8B5FBDE3-F7CB-78DE-C0BF-103C2CEB9A46}</UniqueIdentifier>
    </Filter>
    <Filter Include="vendor\spdlog\contrib\sinks">
      <UniqueIdentifier>{4289E61B-AE96-1402-377D-10EDA389E0B8}</UniqueIdentifier>
    </Filter>
    <Filter Include="vendor\spdlog\details">
      <UniqueIdentifier>{0008C619-6C74-8114-3568-1972A193A37C}</UniqueIdentifier>
    </Filter>
    <Filter Include="vendor\spdlog\fmt">
      <UniqueIdentifier>{4190CC8D-ADA6-CA23-F61D-564562739BAB}</UniqueIdentifier>
    </Filter>
    <Filter Include="vendor\spdlog\fmt\bundled">
      <UniqueIdentifier>{2E60C11D-9A22-F5A7-E3D2-83344FD4CD85}</UniqueIdentifier>
    </Filter>
    <Filter Include="vendor\spdlog\sinks">
      <UniqueIdentifier>{42A61A34-AE07-F841-3775-3EF4A3D52E01}</UniqueIdentifier>
    </Filter>
  </ItemGroup>
  <ItemGroup>
    <ClInclude Include="src\Nu.h">
      <Filter>src</Filter>
    </ClInclude>
    <ClInclude Include="src\Nu\Core\Application.h">
      <Filter>src\Nu\Core</Filter>
    </ClInclude>
    <ClInclude Include="src\Nu\Core\Core.h">
      <Filter>src\Nu\Core</Filter>
    </ClInclude>
    <ClInclude Include="src\Nu\Core\Log.h">
      <Filter>src\Nu\Core</Filter>
    </ClInclude>
    <ClInclude Include="src\Nu\Core\Platform.h">
      <Filter>src\Nu\Core</Filter>
    </ClInclude>
    <ClInclude Include="src\Nu\EntryPoint.h">
      <Filter>src\Nu</Filter>
    </ClInclude>
    <ClInclude Include="vendor\spdlog\async_logger.h">
      <Filter>vendor\spdlog</Filter>
    </ClInclude>
    <ClInclude Include="vendor\spdlog\common.h">
      <Filter>vendor\spdlog</Filter>
    </ClInclude>
    <ClInclude Include="vendor\spdlog\contrib\sinks\step_file_sink.h">
      <Filter>vendor\spdlog\contrib\sinks</Filter>
    </ClInclude>
    <ClInclude Include="vendor\spdlog\details\async_log_helper.h">
      <Filter>vendor\spdlog\details</Filter>
    </ClInclude>
    <ClInclude Include="vendor\spdlog\details\async_logger_impl.h">
      <Filter>vendor\spdlog\details</Filter>
    </ClInclude>
    <ClInclude Include="vendor\spdlog\details\file_helper.h">
      <Filter>vendor\spdlog\details</Filter>
    </ClInclude>
    <ClInclude Include="vendor\spdlog\details\log_msg.h">
      <Filter>vendor\spdlog\details</Filter>
    </ClInclude>
    <ClInclude Include="vendor\spdlog\details\logger_impl.h">
      <Filter>vendor\spdlog\details</Filter>
    </ClInclude>
    <ClInclude Include="vendor\spdlog\details\mpmc_blocking_q.h">
      <Filter>vendor\spdlog\details</Filter>
    </ClInclude>
    <ClInclude Include="vendor\spdlog\details\null_mutex.h">
      <Filter>vendor\spdlog\details</Filter>
    </ClInclude>
    <ClInclude Include="vendor\spdlog\details\os.h">
      <Filter>vendor\spdlog\details</Filter>
    </ClInclude>
    <ClInclude Include="vendor\spdlog\details\pattern_formatter_impl.h">
      <Filter>vendor\spdlog\details</Filter>
    </ClInclude>
    <ClInclude Include="vendor\spdlog\details\registry.h">
      <Filter>vendor\spdlog\details</Filter>
    </ClInclude>
    <ClInclude Include="vendor\spdlog\details\spdlog_impl.h">
      <Filter>vendor\spdlog\details</Filter>
    </ClInclude>
    <ClInclude Include="vendor\spdlog\fmt\bundled\format.h">
      <Filter>vendor\spdlog\fmt\bundled</Filter>
    </ClInclude>
    <ClInclude Include="vendor\spdlog\fmt\bundled\ostream.h">
      <Filter>vendor\spdlog\fmt\bundled</Filter>
    </ClInclude>
    <ClInclude Include="vendor\spdlog\fmt\bundled\posix.h">
      <Filter>vendor\spdlog\fmt\bundled</Filter>
    </ClInclude>
    <ClInclude Include="vendor\spdlog\fmt\bundled\printf.h">
      <Filter>vendor\spdlog\fmt\bundled</Filter>
    </ClInclude>
    <ClInclude Include="vendor\spdlog\fmt\bundled\time.h">
      <Filter>vendor\spdlog\fmt\bundled</Filter>
    </ClInclude>
    <ClInclude Include="vendor\spdlog\fmt\fmt.h">
      <Filter>vendor\spdlog\fmt</Filter>
    </ClInclude>
    <ClInclude Include="vendor\spdlog\fmt\ostr.h">
      <Filter>vendor\spdlog\fmt</Filter>
    </ClInclude>
    <ClInclude Include="vendor\spdlog\formatter.h">
      <Filter>vendor\spdlog</Filter>
    </ClInclude>
    <ClInclude Include="vendor\spdlog\logger.h">
      <Filter>vendor\spdlog</Filter>
    </ClInclude>
    <ClInclude Include="vendor\spdlog\sinks\android_sink.h">
      <Filter>vendor\spdlog\sinks</Filter>
    </ClInclude>
    <ClInclude Include="vendor\spdlog\sinks\ansicolor_sink.h">
      <Filter>vendor\spdlog\sinks</Filter>
    </ClInclude>
    <ClInclude Include="vendor\spdlog\sinks\base_sink.h">
      <Filter>vendor\spdlog\sinks</Filter>
    </ClInclude>
    <ClInclude Include="vendor\spdlog\sinks\dist_sink.h">
      <Filter>vendor\spdlog\sinks</Filter>
    </ClInclude>
    <ClInclude Include="vendor\spdlog\sinks\file_sinks.h">
      <Filter>vendor\spdlog\sinks</Filter>
    </ClInclude>
    <ClInclude Include="vendor\spdlog\sinks\msvc_sink.h">
      <Filter>vendor\spdlog\sinks</Filter>
    </ClInclude>
    <ClInclude Include="vendor\spdlog\sinks\null_sink.h">
      <Filter>vendor\spdlog\sinks</Filter>
    </ClInclude>
    <ClInclude Include="vendor\spdlog\sinks\ostream_sink.h">
      <Filter>vendor\spdlog\sinks</Filter>
    </ClInclude>
    <ClInclude Include="vendor\spdlog\sinks\sink.h">
      <Filter>vendor\spdlog\sinks</Filter>
    </ClInclude>
    <ClInclude Include="vendor\spdlog\sinks\stdout_sinks.h">
      <Filter>vendor\spdlog\sinks</Filter>
    </ClInclude>
    <ClInclude Include="vendor\spdlog\sinks\syslog_sink.h">
      <Filter>vendor\spdlog\sinks</Filter>
    </ClInclude>
    <ClInclude Include="vendor\spdlog\sinks\wincolor_sink.h">
      <Filter>vendor\spdlog\sinks</Filter>
    </ClInclude>
    <ClInclude Include="vendor\spdlog\sinks\windebug_sink.h">
      <Filter>vendor\spdlog\sinks</Filter>
    </ClInclude>
    <ClInclude Include="vendor\spdlog\spdlog.h">
      <Filter>vendor\spdlog</Filter>
    </ClInclude>
    <ClInclude Include="vendor\spdlog\tweakme.h">
      <Filter>vendor\spdlog</Filter>
    </ClInclude>
  </ItemGroup>
  <ItemGroup>
    <ClCompile Include="src\Nu\Core\Application.cpp">
      <Filter>src\Nu\Core</Filter>
    </ClCompile>
    <ClCompile Include="src\Nu\Core\Core.cpp">
      <Filter>src\Nu\Core</Filter>
    </ClCompile>
    <ClCompile Include="src\Nu\Core\Log.cpp">
      <Filter>src\Nu\Core</Filter>
    </ClCompile>
  </ItemGroup>
</Project>