<?xml version="1.0" encoding="utf-8"?>
<Project ToolsVersion="4.0" xmlns="http://schemas.microsoft.com/developer/msbuild/2003">
  <ItemGroup>
    <Filter Include="Nu">
      <UniqueIdentifier>{C8745900-B400-880B-1DAF-880B095A880B}</UniqueIdentifier>
    </Filter>
    <Filter Include="Nu\Core">
      <UniqueIdentifier>{20D6628C-8CB5-E127-95CD-6CFE012C4889}</UniqueIdentifier>
    </Filter>
    <Filter Include="Nu\Core\Events">
      <UniqueIdentifier>{045EC6E5-F02B-BAEB-D9BF-2A12C52C9650}</UniqueIdentifier>
    </Filter>
    <Filter Include="Nu\Platform">
      <UniqueIdentifier>{1C922B02-8847-A4F7-113C-9ECE7DF09AFB}</UniqueIdentifier>
    </Filter>
  </ItemGroup>
  <ItemGroup>
    <ClInclude Include="src\Nu.h" />
    <ClInclude Include="src\Nu\Core\Application.h">
      <Filter>Nu\Core</Filter>
    </ClInclude>
    <ClInclude Include="src\Nu\Core\Core.h">
      <Filter>Nu\Core</Filter>
    </ClInclude>
    <ClInclude Include="src\Nu\Core\Events\ApplicationEvent.h">
      <Filter>Nu\Core\Events</Filter>
    </ClInclude>
    <ClInclude Include="src\Nu\Core\Events\Event.h">
      <Filter>Nu\Core\Events</Filter>
    </ClInclude>
    <ClInclude Include="src\Nu\Core\Events\KeyEvent.h">
      <Filter>Nu\Core\Events</Filter>
    </ClInclude>
    <ClInclude Include="src\Nu\Core\Events\MouseEvent.h">
      <Filter>Nu\Core\Events</Filter>
    </ClInclude>
    <ClInclude Include="src\Nu\Core\Log.h">
      <Filter>Nu\Core</Filter>
    </ClInclude>
    <ClInclude Include="src\Nu\Core\Platform.h">
      <Filter>Nu\Core</Filter>
    </ClInclude>
    <ClInclude Include="src\Nu\Core\Window.h">
      <Filter>Nu\Core</Filter>
    </ClInclude>
    <ClInclude Include="src\Nu\EntryPoint.h">
      <Filter>Nu</Filter>
    </ClInclude>
    <ClInclude Include="src\Nu\Platform\WindowsWindow.h">
      <Filter>Nu\Platform</Filter>
    </ClInclude>
  </ItemGroup>
  <ItemGroup>
    <ClCompile Include="src\Nu\Core\Application.cpp">
      <Filter>Nu\Core</Filter>
    </ClCompile>
    <ClCompile Include="src\Nu\Core\Core.cpp">
      <Filter>Nu\Core</Filter>
    </ClCompile>
    <ClCompile Include="src\Nu\Core\Log.cpp">
      <Filter>Nu\Core</Filter>
    </ClCompile>
    <ClCompile Include="src\Nu\Core\Window.cpp">
      <Filter>Nu\Core</Filter>
    </ClCompile>
    <ClCompile Include="src\Nu\Platform\WindowsWindow.cpp">
      <Filter>Nu\Platform</Filter>
    </ClCompile>
  </ItemGroup>
</Project>